// !$*UTF8*$!
{
	archiveVersion = 1;
	classes = {
	};
	objectVersion = 56;
	objects = {

/* Begin PBXBuildFile section */
		3385CDE92987E8C7002CD30A /* Requestable.swift in Sources */ = {isa = PBXBuildFile; fileRef = 3385CDE82987E8C7002CD30A /* Requestable.swift */; };
		3385CDEA2987E8C7002CD30A /* Requestable.swift in Sources */ = {isa = PBXBuildFile; fileRef = 3385CDE82987E8C7002CD30A /* Requestable.swift */; };
		3385CDEC2987E9E1002CD30A /* ApiExecutable.swift in Sources */ = {isa = PBXBuildFile; fileRef = 3385CDEB2987E9E1002CD30A /* ApiExecutable.swift */; };
		3385CDED2987E9E1002CD30A /* ApiExecutable.swift in Sources */ = {isa = PBXBuildFile; fileRef = 3385CDEB2987E9E1002CD30A /* ApiExecutable.swift */; };
		3385CDEF2987EADC002CD30A /* ApiClient.swift in Sources */ = {isa = PBXBuildFile; fileRef = 3385CDEE2987EADC002CD30A /* ApiClient.swift */; };
		3385CDF02987EADC002CD30A /* ApiClient.swift in Sources */ = {isa = PBXBuildFile; fileRef = 3385CDEE2987EADC002CD30A /* ApiClient.swift */; };
		3385CDF22987EBC1002CD30A /* ApiErrors.swift in Sources */ = {isa = PBXBuildFile; fileRef = 3385CDF12987EBC1002CD30A /* ApiErrors.swift */; };
		3385CDF32987EBC1002CD30A /* ApiErrors.swift in Sources */ = {isa = PBXBuildFile; fileRef = 3385CDF12987EBC1002CD30A /* ApiErrors.swift */; };
		3385CDF52987FCC8002CD30A /* RequestConvertable.swift in Sources */ = {isa = PBXBuildFile; fileRef = 3385CDF42987FCC8002CD30A /* RequestConvertable.swift */; };
		3385CDF62987FCC8002CD30A /* RequestConvertable.swift in Sources */ = {isa = PBXBuildFile; fileRef = 3385CDF42987FCC8002CD30A /* RequestConvertable.swift */; };
		3385CDF82987FFC7002CD30A /* ParameterEncodable.swift in Sources */ = {isa = PBXBuildFile; fileRef = 3385CDF72987FFC7002CD30A /* ParameterEncodable.swift */; };
		3385CDF92987FFC7002CD30A /* ParameterEncodable.swift in Sources */ = {isa = PBXBuildFile; fileRef = 3385CDF72987FFC7002CD30A /* ParameterEncodable.swift */; };
		3385CDFE29885607002CD30A /* ProductsListRepository.swift in Sources */ = {isa = PBXBuildFile; fileRef = 3385CDFD29885607002CD30A /* ProductsListRepository.swift */; };
		3385CDFF29885607002CD30A /* ProductsListRepository.swift in Sources */ = {isa = PBXBuildFile; fileRef = 3385CDFD29885607002CD30A /* ProductsListRepository.swift */; };
		3385CE0229885A71002CD30A /* ProductsListDTO.swift in Sources */ = {isa = PBXBuildFile; fileRef = 3385CE0129885A71002CD30A /* ProductsListDTO.swift */; };
		3385CE0329885A71002CD30A /* ProductsListDTO.swift in Sources */ = {isa = PBXBuildFile; fileRef = 3385CE0129885A71002CD30A /* ProductsListDTO.swift */; };
		33D6A2652982EBE8005CF1D0 /* MobileChallengeApp.swift in Sources */ = {isa = PBXBuildFile; fileRef = 33D6A2642982EBE8005CF1D0 /* MobileChallengeApp.swift */; };
		33D6A2672982EBE8005CF1D0 /* ContentView.swift in Sources */ = {isa = PBXBuildFile; fileRef = 33D6A2662982EBE8005CF1D0 /* ContentView.swift */; };
		33D6A2692982EBE9005CF1D0 /* Assets.xcassets in Resources */ = {isa = PBXBuildFile; fileRef = 33D6A2682982EBE9005CF1D0 /* Assets.xcassets */; };
		33D6A26C2982EBE9005CF1D0 /* Preview Assets.xcassets in Resources */ = {isa = PBXBuildFile; fileRef = 33D6A26B2982EBE9005CF1D0 /* Preview Assets.xcassets */; };
		33D6A26E2982EBE9005CF1D0 /* Persistence.swift in Sources */ = {isa = PBXBuildFile; fileRef = 33D6A26D2982EBE9005CF1D0 /* Persistence.swift */; };
		33D6A2712982EBE9005CF1D0 /* MobileChallenge.xcdatamodeld in Sources */ = {isa = PBXBuildFile; fileRef = 33D6A26F2982EBE9005CF1D0 /* MobileChallenge.xcdatamodeld */; };
		33D6A27B2982EBEA005CF1D0 /* MobileChallengeTests.swift in Sources */ = {isa = PBXBuildFile; fileRef = 33D6A27A2982EBEA005CF1D0 /* MobileChallengeTests.swift */; };
		33D6A2852982EBEA005CF1D0 /* MobileChallengeUITests.swift in Sources */ = {isa = PBXBuildFile; fileRef = 33D6A2842982EBEA005CF1D0 /* MobileChallengeUITests.swift */; };
		33D6A2872982EBEA005CF1D0 /* MobileChallengeUITestsLaunchTests.swift in Sources */ = {isa = PBXBuildFile; fileRef = 33D6A2862982EBEA005CF1D0 /* MobileChallengeUITestsLaunchTests.swift */; };
/* End PBXBuildFile section */

/* Begin PBXContainerItemProxy section */
		33D6A2772982EBEA005CF1D0 /* PBXContainerItemProxy */ = {
			isa = PBXContainerItemProxy;
			containerPortal = 33D6A2592982EBE8005CF1D0 /* Project object */;
			proxyType = 1;
			remoteGlobalIDString = 33D6A2602982EBE8005CF1D0;
			remoteInfo = MobileChallenge;
		};
		33D6A2812982EBEA005CF1D0 /* PBXContainerItemProxy */ = {
			isa = PBXContainerItemProxy;
			containerPortal = 33D6A2592982EBE8005CF1D0 /* Project object */;
			proxyType = 1;
			remoteGlobalIDString = 33D6A2602982EBE8005CF1D0;
			remoteInfo = MobileChallenge;
		};
/* End PBXContainerItemProxy section */

/* Begin PBXFileReference section */
		3385CDE82987E8C7002CD30A /* Requestable.swift */ = {isa = PBXFileReference; lastKnownFileType = sourcecode.swift; path = Requestable.swift; sourceTree = "<group>"; };
		3385CDEB2987E9E1002CD30A /* ApiExecutable.swift */ = {isa = PBXFileReference; lastKnownFileType = sourcecode.swift; path = ApiExecutable.swift; sourceTree = "<group>"; };
		3385CDEE2987EADC002CD30A /* ApiClient.swift */ = {isa = PBXFileReference; lastKnownFileType = sourcecode.swift; path = ApiClient.swift; sourceTree = "<group>"; };
		3385CDF12987EBC1002CD30A /* ApiErrors.swift */ = {isa = PBXFileReference; lastKnownFileType = sourcecode.swift; path = ApiErrors.swift; sourceTree = "<group>"; };
		3385CDF42987FCC8002CD30A /* RequestConvertable.swift */ = {isa = PBXFileReference; lastKnownFileType = sourcecode.swift; path = RequestConvertable.swift; sourceTree = "<group>"; };
		3385CDF72987FFC7002CD30A /* ParameterEncodable.swift */ = {isa = PBXFileReference; lastKnownFileType = sourcecode.swift; path = ParameterEncodable.swift; sourceTree = "<group>"; };
		3385CDFD29885607002CD30A /* ProductsListRepository.swift */ = {isa = PBXFileReference; lastKnownFileType = sourcecode.swift; path = ProductsListRepository.swift; sourceTree = "<group>"; };
		3385CE0129885A71002CD30A /* ProductsListDTO.swift */ = {isa = PBXFileReference; lastKnownFileType = sourcecode.swift; path = ProductsListDTO.swift; sourceTree = "<group>"; };
		33D6A2612982EBE8005CF1D0 /* MobileChallenge.app */ = {isa = PBXFileReference; explicitFileType = wrapper.application; includeInIndex = 0; path = MobileChallenge.app; sourceTree = BUILT_PRODUCTS_DIR; };
		33D6A2642982EBE8005CF1D0 /* MobileChallengeApp.swift */ = {isa = PBXFileReference; lastKnownFileType = sourcecode.swift; path = MobileChallengeApp.swift; sourceTree = "<group>"; };
		33D6A2662982EBE8005CF1D0 /* ContentView.swift */ = {isa = PBXFileReference; lastKnownFileType = sourcecode.swift; path = ContentView.swift; sourceTree = "<group>"; };
		33D6A2682982EBE9005CF1D0 /* Assets.xcassets */ = {isa = PBXFileReference; lastKnownFileType = folder.assetcatalog; path = Assets.xcassets; sourceTree = "<group>"; };
		33D6A26B2982EBE9005CF1D0 /* Preview Assets.xcassets */ = {isa = PBXFileReference; lastKnownFileType = folder.assetcatalog; path = "Preview Assets.xcassets"; sourceTree = "<group>"; };
		33D6A26D2982EBE9005CF1D0 /* Persistence.swift */ = {isa = PBXFileReference; lastKnownFileType = sourcecode.swift; path = Persistence.swift; sourceTree = "<group>"; };
		33D6A2702982EBE9005CF1D0 /* MobileChallenge.xcdatamodel */ = {isa = PBXFileReference; lastKnownFileType = wrapper.xcdatamodel; path = MobileChallenge.xcdatamodel; sourceTree = "<group>"; };
		33D6A2762982EBEA005CF1D0 /* MobileChallengeTests.xctest */ = {isa = PBXFileReference; explicitFileType = wrapper.cfbundle; includeInIndex = 0; path = MobileChallengeTests.xctest; sourceTree = BUILT_PRODUCTS_DIR; };
		33D6A27A2982EBEA005CF1D0 /* MobileChallengeTests.swift */ = {isa = PBXFileReference; lastKnownFileType = sourcecode.swift; path = MobileChallengeTests.swift; sourceTree = "<group>"; };
		33D6A2802982EBEA005CF1D0 /* MobileChallengeUITests.xctest */ = {isa = PBXFileReference; explicitFileType = wrapper.cfbundle; includeInIndex = 0; path = MobileChallengeUITests.xctest; sourceTree = BUILT_PRODUCTS_DIR; };
		33D6A2842982EBEA005CF1D0 /* MobileChallengeUITests.swift */ = {isa = PBXFileReference; lastKnownFileType = sourcecode.swift; path = MobileChallengeUITests.swift; sourceTree = "<group>"; };
		33D6A2862982EBEA005CF1D0 /* MobileChallengeUITestsLaunchTests.swift */ = {isa = PBXFileReference; lastKnownFileType = sourcecode.swift; path = MobileChallengeUITestsLaunchTests.swift; sourceTree = "<group>"; };
/* End PBXFileReference section */

/* Begin PBXFrameworksBuildPhase section */
		33D6A25E2982EBE8005CF1D0 /* Frameworks */ = {
			isa = PBXFrameworksBuildPhase;
			buildActionMask = 2147483647;
			files = (
			);
			runOnlyForDeploymentPostprocessing = 0;
		};
		33D6A2732982EBEA005CF1D0 /* Frameworks */ = {
			isa = PBXFrameworksBuildPhase;
			buildActionMask = 2147483647;
			files = (
			);
			runOnlyForDeploymentPostprocessing = 0;
		};
		33D6A27D2982EBEA005CF1D0 /* Frameworks */ = {
			isa = PBXFrameworksBuildPhase;
			buildActionMask = 2147483647;
			files = (
			);
			runOnlyForDeploymentPostprocessing = 0;
		};
/* End PBXFrameworksBuildPhase section */

/* Begin PBXGroup section */
		3385CDDB29843A76002CD30A /* Domain */ = {
			isa = PBXGroup;
			children = (
				3385CDFC298855BE002CD30A /* Interfaces */,
			);
			path = Domain;
			sourceTree = "<group>";
		};
			sourceTree = "<group>";
		};
		3385CDE62987E8AE002CD30A /* Network */ = {
			isa = PBXGroup;
			children = (
				3385CDE72987E8B8002CD30A /* Protocols */,
				3385CDF12987EBC1002CD30A /* ApiErrors.swift */,
				3385CDEE2987EADC002CD30A /* ApiClient.swift */,
			);
			path = Network;
			sourceTree = "<group>";
		};
		3385CDE72987E8B8002CD30A /* Protocols */ = {
			isa = PBXGroup;
			children = (
				3385CDF72987FFC7002CD30A /* ParameterEncodable.swift */,
				3385CDE82987E8C7002CD30A /* Requestable.swift */,
				3385CDF42987FCC8002CD30A /* RequestConvertable.swift */,
				3385CDEB2987E9E1002CD30A /* ApiExecutable.swift */,
			);
			path = Protocols;
			sourceTree = "<group>";
		};
		3385CDFB298853DE002CD30A /* Data */ = {
			isa = PBXGroup;
			children = (
				3385CDE62987E8AE002CD30A /* Network */,
			);
			path = Data;
			sourceTree = "<group>";
		};
		3385CDFC298855BE002CD30A /* Interfaces */ = {
			isa = PBXGroup;
			children = (
				3385CDFD29885607002CD30A /* ProductsListRepository.swift */,
			);
			path = Interfaces;
			sourceTree = "<group>";
		};
		3385CE0029885A3A002CD30A /* DataMapping */ = {
			isa = PBXGroup;
			children = (
				3385CE0129885A71002CD30A /* ProductsListDTO.swift */,
			);
			path = DataMapping;
			sourceTree = "<group>";
		};
		33D6A2582982EBE8005CF1D0 = {
			isa = PBXGroup;
			children = (
				33D6A2632982EBE8005CF1D0 /* MobileChallenge */,
				33D6A2792982EBEA005CF1D0 /* MobileChallengeTests */,
				33D6A2832982EBEA005CF1D0 /* MobileChallengeUITests */,
				33D6A2622982EBE8005CF1D0 /* Products */,
			);
			sourceTree = "<group>";
		};
		33D6A2622982EBE8005CF1D0 /* Products */ = {
			isa = PBXGroup;
			children = (
				33D6A2612982EBE8005CF1D0 /* MobileChallenge.app */,
				33D6A2762982EBEA005CF1D0 /* MobileChallengeTests.xctest */,
				33D6A2802982EBEA005CF1D0 /* MobileChallengeUITests.xctest */,
			);
			name = Products;
			sourceTree = "<group>";
		};
		33D6A2632982EBE8005CF1D0 /* MobileChallenge */ = {
			isa = PBXGroup;
			children = (
				33D6A2642982EBE8005CF1D0 /* MobileChallengeApp.swift */,
				33D6A2662982EBE8005CF1D0 /* ContentView.swift */,
				33D6A2682982EBE9005CF1D0 /* Assets.xcassets */,
				33D6A26D2982EBE9005CF1D0 /* Persistence.swift */,
				33D6A26F2982EBE9005CF1D0 /* MobileChallenge.xcdatamodeld */,
				33D6A26A2982EBE9005CF1D0 /* Preview Content */,
			);
			path = MobileChallenge;
			sourceTree = "<group>";
		};
		33D6A26A2982EBE9005CF1D0 /* Preview Content */ = {
			isa = PBXGroup;
			children = (
				33D6A26B2982EBE9005CF1D0 /* Preview Assets.xcassets */,
			);
			path = "Preview Content";
			sourceTree = "<group>";
		};
		33D6A2792982EBEA005CF1D0 /* MobileChallengeTests */ = {
			isa = PBXGroup;
			children = (
				33D6A27A2982EBEA005CF1D0 /* MobileChallengeTests.swift */,
			);
			path = MobileChallengeTests;
			sourceTree = "<group>";
		};
		33D6A2832982EBEA005CF1D0 /* MobileChallengeUITests */ = {
			isa = PBXGroup;
			children = (
				33D6A2842982EBEA005CF1D0 /* MobileChallengeUITests.swift */,
				33D6A2862982EBEA005CF1D0 /* MobileChallengeUITestsLaunchTests.swift */,
			);
			path = MobileChallengeUITests;
			sourceTree = "<group>";
		};
/* End PBXGroup section */

/* Begin PBXNativeTarget section */
		33D6A2602982EBE8005CF1D0 /* MobileChallenge */ = {
			isa = PBXNativeTarget;
			buildConfigurationList = 33D6A28A2982EBEA005CF1D0 /* Build configuration list for PBXNativeTarget "MobileChallenge" */;
			buildPhases = (
				33D6A25D2982EBE8005CF1D0 /* Sources */,
				33D6A25E2982EBE8005CF1D0 /* Frameworks */,
				33D6A25F2982EBE8005CF1D0 /* Resources */,
			);
			buildRules = (
			);
			dependencies = (
			);
			name = MobileChallenge;
			productName = MobileChallenge;
			productReference = 33D6A2612982EBE8005CF1D0 /* MobileChallenge.app */;
			productType = "com.apple.product-type.application";
		};
		33D6A2752982EBEA005CF1D0 /* MobileChallengeTests */ = {
			isa = PBXNativeTarget;
			buildConfigurationList = 33D6A28D2982EBEA005CF1D0 /* Build configuration list for PBXNativeTarget "MobileChallengeTests" */;
			buildPhases = (
				33D6A2722982EBEA005CF1D0 /* Sources */,
				33D6A2732982EBEA005CF1D0 /* Frameworks */,
				33D6A2742982EBEA005CF1D0 /* Resources */,
			);
			buildRules = (
			);
			dependencies = (
				33D6A2782982EBEA005CF1D0 /* PBXTargetDependency */,
			);
			name = MobileChallengeTests;
			productName = MobileChallengeTests;
			productReference = 33D6A2762982EBEA005CF1D0 /* MobileChallengeTests.xctest */;
			productType = "com.apple.product-type.bundle.unit-test";
		};
		33D6A27F2982EBEA005CF1D0 /* MobileChallengeUITests */ = {
			isa = PBXNativeTarget;
			buildConfigurationList = 33D6A2902982EBEA005CF1D0 /* Build configuration list for PBXNativeTarget "MobileChallengeUITests" */;
			buildPhases = (
				33D6A27C2982EBEA005CF1D0 /* Sources */,
				33D6A27D2982EBEA005CF1D0 /* Frameworks */,
				33D6A27E2982EBEA005CF1D0 /* Resources */,
			);
			buildRules = (
			);
			dependencies = (
				33D6A2822982EBEA005CF1D0 /* PBXTargetDependency */,
			);
			name = MobileChallengeUITests;
			productName = MobileChallengeUITests;
			productReference = 33D6A2802982EBEA005CF1D0 /* MobileChallengeUITests.xctest */;
			productType = "com.apple.product-type.bundle.ui-testing";
		};
/* End PBXNativeTarget section */

/* Begin PBXProject section */
		33D6A2592982EBE8005CF1D0 /* Project object */ = {
			isa = PBXProject;
			attributes = {
				BuildIndependentTargetsInParallel = 1;
				LastSwiftUpdateCheck = 1400;
				LastUpgradeCheck = 1400;
				TargetAttributes = {
					33D6A2602982EBE8005CF1D0 = {
						CreatedOnToolsVersion = 14.0.1;
					};
					33D6A2752982EBEA005CF1D0 = {
						CreatedOnToolsVersion = 14.0.1;
						TestTargetID = 33D6A2602982EBE8005CF1D0;
					};
					33D6A27F2982EBEA005CF1D0 = {
						CreatedOnToolsVersion = 14.0.1;
						TestTargetID = 33D6A2602982EBE8005CF1D0;
					};
				};
			};
			buildConfigurationList = 33D6A25C2982EBE8005CF1D0 /* Build configuration list for PBXProject "MobileChallenge" */;
			compatibilityVersion = "Xcode 14.0";
			developmentRegion = en;
			hasScannedForEncodings = 0;
			knownRegions = (
				en,
				Base,
			);
			mainGroup = 33D6A2582982EBE8005CF1D0;
			productRefGroup = 33D6A2622982EBE8005CF1D0 /* Products */;
			projectDirPath = "";
			projectRoot = "";
			targets = (
				33D6A2602982EBE8005CF1D0 /* MobileChallenge */,
				33D6A2752982EBEA005CF1D0 /* MobileChallengeTests */,
				33D6A27F2982EBEA005CF1D0 /* MobileChallengeUITests */,
			);
		};
/* End PBXProject section */

/* Begin PBXResourcesBuildPhase section */
		33D6A25F2982EBE8005CF1D0 /* Resources */ = {
			isa = PBXResourcesBuildPhase;
			buildActionMask = 2147483647;
			files = (
				33D6A26C2982EBE9005CF1D0 /* Preview Assets.xcassets in Resources */,
				33D6A2692982EBE9005CF1D0 /* Assets.xcassets in Resources */,
			);
			runOnlyForDeploymentPostprocessing = 0;
		};
		33D6A2742982EBEA005CF1D0 /* Resources */ = {
			isa = PBXResourcesBuildPhase;
			buildActionMask = 2147483647;
			files = (
			);
			runOnlyForDeploymentPostprocessing = 0;
		};
		33D6A27E2982EBEA005CF1D0 /* Resources */ = {
			isa = PBXResourcesBuildPhase;
			buildActionMask = 2147483647;
			files = (
			);
			runOnlyForDeploymentPostprocessing = 0;
		};
/* End PBXResourcesBuildPhase section */

/* Begin PBXSourcesBuildPhase section */
		33D6A25D2982EBE8005CF1D0 /* Sources */ = {
			isa = PBXSourcesBuildPhase;
			buildActionMask = 2147483647;
			files = (
				3385CDF52987FCC8002CD30A /* RequestConvertable.swift in Sources */,
				3385CDE92987E8C7002CD30A /* Requestable.swift in Sources */,
				3385CDEC2987E9E1002CD30A /* ApiExecutable.swift in Sources */,
				3385CDF22987EBC1002CD30A /* ApiErrors.swift in Sources */,
				3385CDF82987FFC7002CD30A /* ParameterEncodable.swift in Sources */,
				33D6A26E2982EBE9005CF1D0 /* Persistence.swift in Sources */,
				33D6A2672982EBE8005CF1D0 /* ContentView.swift in Sources */,
				3385CDEF2987EADC002CD30A /* ApiClient.swift in Sources */,
				33D6A2652982EBE8005CF1D0 /* MobileChallengeApp.swift in Sources */,
				3385CE0229885A71002CD30A /* ProductsListDTO.swift in Sources */,
				33D6A2712982EBE9005CF1D0 /* MobileChallenge.xcdatamodeld in Sources */,
				3385CDFE29885607002CD30A /* ProductsListRepository.swift in Sources */,
			);
			runOnlyForDeploymentPostprocessing = 0;
		};
		33D6A2722982EBEA005CF1D0 /* Sources */ = {
			isa = PBXSourcesBuildPhase;
			buildActionMask = 2147483647;
			files = (
				3385CDEA2987E8C7002CD30A /* Requestable.swift in Sources */,
				3385CDF92987FFC7002CD30A /* ParameterEncodable.swift in Sources */,
				33D6A27B2982EBEA005CF1D0 /* MobileChallengeTests.swift in Sources */,
				3385CDFF29885607002CD30A /* ProductsListRepository.swift in Sources */,
				3385CDED2987E9E1002CD30A /* ApiExecutable.swift in Sources */,
				3385CDF62987FCC8002CD30A /* RequestConvertable.swift in Sources */,
				3385CDF02987EADC002CD30A /* ApiClient.swift in Sources */,
				3385CDF32987EBC1002CD30A /* ApiErrors.swift in Sources */,
				3385CE0329885A71002CD30A /* ProductsListDTO.swift in Sources */,
			);
			runOnlyForDeploymentPostprocessing = 0;
		};
		33D6A27C2982EBEA005CF1D0 /* Sources */ = {
			isa = PBXSourcesBuildPhase;
			buildActionMask = 2147483647;
			files = (
				33D6A2872982EBEA005CF1D0 /* MobileChallengeUITestsLaunchTests.swift in Sources */,
				33D6A2852982EBEA005CF1D0 /* MobileChallengeUITests.swift in Sources */,
			);
			runOnlyForDeploymentPostprocessing = 0;
		};
/* End PBXSourcesBuildPhase section */

/* Begin PBXTargetDependency section */
		33D6A2782982EBEA005CF1D0 /* PBXTargetDependency */ = {
			isa = PBXTargetDependency;
			target = 33D6A2602982EBE8005CF1D0 /* MobileChallenge */;
			targetProxy = 33D6A2772982EBEA005CF1D0 /* PBXContainerItemProxy */;
		};
		33D6A2822982EBEA005CF1D0 /* PBXTargetDependency */ = {
			isa = PBXTargetDependency;
			target = 33D6A2602982EBE8005CF1D0 /* MobileChallenge */;
			targetProxy = 33D6A2812982EBEA005CF1D0 /* PBXContainerItemProxy */;
		};
/* End PBXTargetDependency section */

/* Begin XCBuildConfiguration section */
		33D6A2882982EBEA005CF1D0 /* Debug */ = {
			isa = XCBuildConfiguration;
			buildSettings = {
				ALWAYS_SEARCH_USER_PATHS = NO;
				CLANG_ANALYZER_NONNULL = YES;
				CLANG_ANALYZER_NUMBER_OBJECT_CONVERSION = YES_AGGRESSIVE;
				CLANG_CXX_LANGUAGE_STANDARD = "gnu++20";
				CLANG_ENABLE_MODULES = YES;
				CLANG_ENABLE_OBJC_ARC = YES;
				CLANG_ENABLE_OBJC_WEAK = YES;
				CLANG_WARN_BLOCK_CAPTURE_AUTORELEASING = YES;
				CLANG_WARN_BOOL_CONVERSION = YES;
				CLANG_WARN_COMMA = YES;
				CLANG_WARN_CONSTANT_CONVERSION = YES;
				CLANG_WARN_DEPRECATED_OBJC_IMPLEMENTATIONS = YES;
				CLANG_WARN_DIRECT_OBJC_ISA_USAGE = YES_ERROR;
				CLANG_WARN_DOCUMENTATION_COMMENTS = YES;
				CLANG_WARN_EMPTY_BODY = YES;
				CLANG_WARN_ENUM_CONVERSION = YES;
				CLANG_WARN_INFINITE_RECURSION = YES;
				CLANG_WARN_INT_CONVERSION = YES;
				CLANG_WARN_NON_LITERAL_NULL_CONVERSION = YES;
				CLANG_WARN_OBJC_IMPLICIT_RETAIN_SELF = YES;
				CLANG_WARN_OBJC_LITERAL_CONVERSION = YES;
				CLANG_WARN_OBJC_ROOT_CLASS = YES_ERROR;
				CLANG_WARN_QUOTED_INCLUDE_IN_FRAMEWORK_HEADER = YES;
				CLANG_WARN_RANGE_LOOP_ANALYSIS = YES;
				CLANG_WARN_STRICT_PROTOTYPES = YES;
				CLANG_WARN_SUSPICIOUS_MOVE = YES;
				CLANG_WARN_UNGUARDED_AVAILABILITY = YES_AGGRESSIVE;
				CLANG_WARN_UNREACHABLE_CODE = YES;
				CLANG_WARN__DUPLICATE_METHOD_MATCH = YES;
				COPY_PHASE_STRIP = NO;
				DEBUG_INFORMATION_FORMAT = dwarf;
				ENABLE_STRICT_OBJC_MSGSEND = YES;
				ENABLE_TESTABILITY = YES;
				GCC_C_LANGUAGE_STANDARD = gnu11;
				GCC_DYNAMIC_NO_PIC = NO;
				GCC_NO_COMMON_BLOCKS = YES;
				GCC_OPTIMIZATION_LEVEL = 0;
				GCC_PREPROCESSOR_DEFINITIONS = (
					"DEBUG=1",
					"$(inherited)",
				);
				GCC_WARN_64_TO_32_BIT_CONVERSION = YES;
				GCC_WARN_ABOUT_RETURN_TYPE = YES_ERROR;
				GCC_WARN_UNDECLARED_SELECTOR = YES;
				GCC_WARN_UNINITIALIZED_AUTOS = YES_AGGRESSIVE;
				GCC_WARN_UNUSED_FUNCTION = YES;
				GCC_WARN_UNUSED_VARIABLE = YES;
				IPHONEOS_DEPLOYMENT_TARGET = 16.0;
				MTL_ENABLE_DEBUG_INFO = INCLUDE_SOURCE;
				MTL_FAST_MATH = YES;
				ONLY_ACTIVE_ARCH = YES;
				SDKROOT = iphoneos;
				SWIFT_ACTIVE_COMPILATION_CONDITIONS = DEBUG;
				SWIFT_OPTIMIZATION_LEVEL = "-Onone";
			};
			name = Debug;
		};
		33D6A2892982EBEA005CF1D0 /* Release */ = {
			isa = XCBuildConfiguration;
			buildSettings = {
				ALWAYS_SEARCH_USER_PATHS = NO;
				CLANG_ANALYZER_NONNULL = YES;
				CLANG_ANALYZER_NUMBER_OBJECT_CONVERSION = YES_AGGRESSIVE;
				CLANG_CXX_LANGUAGE_STANDARD = "gnu++20";
				CLANG_ENABLE_MODULES = YES;
				CLANG_ENABLE_OBJC_ARC = YES;
				CLANG_ENABLE_OBJC_WEAK = YES;
				CLANG_WARN_BLOCK_CAPTURE_AUTORELEASING = YES;
				CLANG_WARN_BOOL_CONVERSION = YES;
				CLANG_WARN_COMMA = YES;
				CLANG_WARN_CONSTANT_CONVERSION = YES;
				CLANG_WARN_DEPRECATED_OBJC_IMPLEMENTATIONS = YES;
				CLANG_WARN_DIRECT_OBJC_ISA_USAGE = YES_ERROR;
				CLANG_WARN_DOCUMENTATION_COMMENTS = YES;
				CLANG_WARN_EMPTY_BODY = YES;
				CLANG_WARN_ENUM_CONVERSION = YES;
				CLANG_WARN_INFINITE_RECURSION = YES;
				CLANG_WARN_INT_CONVERSION = YES;
				CLANG_WARN_NON_LITERAL_NULL_CONVERSION = YES;
				CLANG_WARN_OBJC_IMPLICIT_RETAIN_SELF = YES;
				CLANG_WARN_OBJC_LITERAL_CONVERSION = YES;
				CLANG_WARN_OBJC_ROOT_CLASS = YES_ERROR;
				CLANG_WARN_QUOTED_INCLUDE_IN_FRAMEWORK_HEADER = YES;
				CLANG_WARN_RANGE_LOOP_ANALYSIS = YES;
				CLANG_WARN_STRICT_PROTOTYPES = YES;
				CLANG_WARN_SUSPICIOUS_MOVE = YES;
				CLANG_WARN_UNGUARDED_AVAILABILITY = YES_AGGRESSIVE;
				CLANG_WARN_UNREACHABLE_CODE = YES;
				CLANG_WARN__DUPLICATE_METHOD_MATCH = YES;
				COPY_PHASE_STRIP = NO;
				DEBUG_INFORMATION_FORMAT = "dwarf-with-dsym";
				ENABLE_NS_ASSERTIONS = NO;
				ENABLE_STRICT_OBJC_MSGSEND = YES;
				GCC_C_LANGUAGE_STANDARD = gnu11;
				GCC_NO_COMMON_BLOCKS = YES;
				GCC_WARN_64_TO_32_BIT_CONVERSION = YES;
				GCC_WARN_ABOUT_RETURN_TYPE = YES_ERROR;
				GCC_WARN_UNDECLARED_SELECTOR = YES;
				GCC_WARN_UNINITIALIZED_AUTOS = YES_AGGRESSIVE;
				GCC_WARN_UNUSED_FUNCTION = YES;
				GCC_WARN_UNUSED_VARIABLE = YES;
				IPHONEOS_DEPLOYMENT_TARGET = 16.0;
				MTL_ENABLE_DEBUG_INFO = NO;
				MTL_FAST_MATH = YES;
				SDKROOT = iphoneos;
				SWIFT_COMPILATION_MODE = wholemodule;
				SWIFT_OPTIMIZATION_LEVEL = "-O";
				VALIDATE_PRODUCT = YES;
			};
			name = Release;
		};
		33D6A28B2982EBEA005CF1D0 /* Debug */ = {
			isa = XCBuildConfiguration;
			buildSettings = {
				ASSETCATALOG_COMPILER_APPICON_NAME = AppIcon;
				ASSETCATALOG_COMPILER_GLOBAL_ACCENT_COLOR_NAME = AccentColor;
				CODE_SIGN_STYLE = Automatic;
				CURRENT_PROJECT_VERSION = 1;
				DEVELOPMENT_ASSET_PATHS = "\"MobileChallenge/Preview Content\"";
				DEVELOPMENT_TEAM = RM45HAFQH6;
				ENABLE_PREVIEWS = YES;
				GENERATE_INFOPLIST_FILE = YES;
				INFOPLIST_KEY_UIApplicationSceneManifest_Generation = YES;
				INFOPLIST_KEY_UIApplicationSupportsIndirectInputEvents = YES;
				INFOPLIST_KEY_UILaunchScreen_Generation = YES;
				INFOPLIST_KEY_UISupportedInterfaceOrientations_iPad = "UIInterfaceOrientationPortrait UIInterfaceOrientationPortraitUpsideDown UIInterfaceOrientationLandscapeLeft UIInterfaceOrientationLandscapeRight";
				INFOPLIST_KEY_UISupportedInterfaceOrientations_iPhone = "UIInterfaceOrientationPortrait UIInterfaceOrientationLandscapeLeft UIInterfaceOrientationLandscapeRight";
				LD_RUNPATH_SEARCH_PATHS = (
					"$(inherited)",
					"@executable_path/Frameworks",
				);
				MARKETING_VERSION = 1.0;
				PRODUCT_BUNDLE_IDENTIFIER = "com.thomas-pereira.MobileChallenge";
				PRODUCT_NAME = "$(TARGET_NAME)";
				SWIFT_EMIT_LOC_STRINGS = YES;
				SWIFT_VERSION = 5.0;
				TARGETED_DEVICE_FAMILY = "1,2";
			};
			name = Debug;
		};
		33D6A28C2982EBEA005CF1D0 /* Release */ = {
			isa = XCBuildConfiguration;
			buildSettings = {
				ASSETCATALOG_COMPILER_APPICON_NAME = AppIcon;
				ASSETCATALOG_COMPILER_GLOBAL_ACCENT_COLOR_NAME = AccentColor;
				CODE_SIGN_STYLE = Automatic;
				CURRENT_PROJECT_VERSION = 1;
				DEVELOPMENT_ASSET_PATHS = "\"MobileChallenge/Preview Content\"";
				DEVELOPMENT_TEAM = RM45HAFQH6;
				ENABLE_PREVIEWS = YES;
				GENERATE_INFOPLIST_FILE = YES;
				INFOPLIST_KEY_UIApplicationSceneManifest_Generation = YES;
				INFOPLIST_KEY_UIApplicationSupportsIndirectInputEvents = YES;
				INFOPLIST_KEY_UILaunchScreen_Generation = YES;
				INFOPLIST_KEY_UISupportedInterfaceOrientations_iPad = "UIInterfaceOrientationPortrait UIInterfaceOrientationPortraitUpsideDown UIInterfaceOrientationLandscapeLeft UIInterfaceOrientationLandscapeRight";
				INFOPLIST_KEY_UISupportedInterfaceOrientations_iPhone = "UIInterfaceOrientationPortrait UIInterfaceOrientationLandscapeLeft UIInterfaceOrientationLandscapeRight";
				LD_RUNPATH_SEARCH_PATHS = (
					"$(inherited)",
					"@executable_path/Frameworks",
				);
				MARKETING_VERSION = 1.0;
				PRODUCT_BUNDLE_IDENTIFIER = "com.thomas-pereira.MobileChallenge";
				PRODUCT_NAME = "$(TARGET_NAME)";
				SWIFT_EMIT_LOC_STRINGS = YES;
				SWIFT_VERSION = 5.0;
				TARGETED_DEVICE_FAMILY = "1,2";
			};
			name = Release;
		};
		33D6A28E2982EBEA005CF1D0 /* Debug */ = {
			isa = XCBuildConfiguration;
			buildSettings = {
				ALWAYS_EMBED_SWIFT_STANDARD_LIBRARIES = YES;
				BUNDLE_LOADER = "$(TEST_HOST)";
				CODE_SIGN_STYLE = Automatic;
				CURRENT_PROJECT_VERSION = 1;
				DEVELOPMENT_TEAM = RM45HAFQH6;
				GENERATE_INFOPLIST_FILE = YES;
				IPHONEOS_DEPLOYMENT_TARGET = 16.0;
				MARKETING_VERSION = 1.0;
				PRODUCT_BUNDLE_IDENTIFIER = "com.thomas-pereira.MobileChallengeTests";
				PRODUCT_NAME = "$(TARGET_NAME)";
				SWIFT_EMIT_LOC_STRINGS = NO;
				SWIFT_VERSION = 5.0;
				TARGETED_DEVICE_FAMILY = "1,2";
				TEST_HOST = "$(BUILT_PRODUCTS_DIR)/MobileChallenge.app/$(BUNDLE_EXECUTABLE_FOLDER_PATH)/MobileChallenge";
			};
			name = Debug;
		};
		33D6A28F2982EBEA005CF1D0 /* Release */ = {
			isa = XCBuildConfiguration;
			buildSettings = {
				ALWAYS_EMBED_SWIFT_STANDARD_LIBRARIES = YES;
				BUNDLE_LOADER = "$(TEST_HOST)";
				CODE_SIGN_STYLE = Automatic;
				CURRENT_PROJECT_VERSION = 1;
				DEVELOPMENT_TEAM = RM45HAFQH6;
				GENERATE_INFOPLIST_FILE = YES;
				IPHONEOS_DEPLOYMENT_TARGET = 16.0;
				MARKETING_VERSION = 1.0;
				PRODUCT_BUNDLE_IDENTIFIER = "com.thomas-pereira.MobileChallengeTests";
				PRODUCT_NAME = "$(TARGET_NAME)";
				SWIFT_EMIT_LOC_STRINGS = NO;
				SWIFT_VERSION = 5.0;
				TARGETED_DEVICE_FAMILY = "1,2";
				TEST_HOST = "$(BUILT_PRODUCTS_DIR)/MobileChallenge.app/$(BUNDLE_EXECUTABLE_FOLDER_PATH)/MobileChallenge";
			};
			name = Release;
		};
		33D6A2912982EBEA005CF1D0 /* Debug */ = {
			isa = XCBuildConfiguration;
			buildSettings = {
				ALWAYS_EMBED_SWIFT_STANDARD_LIBRARIES = YES;
				CODE_SIGN_STYLE = Automatic;
				CURRENT_PROJECT_VERSION = 1;
				DEVELOPMENT_TEAM = RM45HAFQH6;
				GENERATE_INFOPLIST_FILE = YES;
				MARKETING_VERSION = 1.0;
				PRODUCT_BUNDLE_IDENTIFIER = "com.thomas-pereira.MobileChallengeUITests";
				PRODUCT_NAME = "$(TARGET_NAME)";
				SWIFT_EMIT_LOC_STRINGS = NO;
				SWIFT_VERSION = 5.0;
				TARGETED_DEVICE_FAMILY = "1,2";
				TEST_TARGET_NAME = MobileChallenge;
			};
			name = Debug;
		};
		33D6A2922982EBEA005CF1D0 /* Release */ = {
			isa = XCBuildConfiguration;
			buildSettings = {
				ALWAYS_EMBED_SWIFT_STANDARD_LIBRARIES = YES;
				CODE_SIGN_STYLE = Automatic;
				CURRENT_PROJECT_VERSION = 1;
				DEVELOPMENT_TEAM = RM45HAFQH6;
				GENERATE_INFOPLIST_FILE = YES;
				MARKETING_VERSION = 1.0;
				PRODUCT_BUNDLE_IDENTIFIER = "com.thomas-pereira.MobileChallengeUITests";
				PRODUCT_NAME = "$(TARGET_NAME)";
				SWIFT_EMIT_LOC_STRINGS = NO;
				SWIFT_VERSION = 5.0;
				TARGETED_DEVICE_FAMILY = "1,2";
				TEST_TARGET_NAME = MobileChallenge;
			};
			name = Release;
		};
/* End XCBuildConfiguration section */

/* Begin XCConfigurationList section */
		33D6A25C2982EBE8005CF1D0 /* Build configuration list for PBXProject "MobileChallenge" */ = {
			isa = XCConfigurationList;
			buildConfigurations = (
				33D6A2882982EBEA005CF1D0 /* Debug */,
				33D6A2892982EBEA005CF1D0 /* Release */,
			);
			defaultConfigurationIsVisible = 0;
			defaultConfigurationName = Release;
		};
		33D6A28A2982EBEA005CF1D0 /* Build configuration list for PBXNativeTarget "MobileChallenge" */ = {
			isa = XCConfigurationList;
			buildConfigurations = (
				33D6A28B2982EBEA005CF1D0 /* Debug */,
				33D6A28C2982EBEA005CF1D0 /* Release */,
			);
			defaultConfigurationIsVisible = 0;
			defaultConfigurationName = Release;
		};
		33D6A28D2982EBEA005CF1D0 /* Build configuration list for PBXNativeTarget "MobileChallengeTests" */ = {
			isa = XCConfigurationList;
			buildConfigurations = (
				33D6A28E2982EBEA005CF1D0 /* Debug */,
				33D6A28F2982EBEA005CF1D0 /* Release */,
			);
			defaultConfigurationIsVisible = 0;
			defaultConfigurationName = Release;
		};
		33D6A2902982EBEA005CF1D0 /* Build configuration list for PBXNativeTarget "MobileChallengeUITests" */ = {
			isa = XCConfigurationList;
			buildConfigurations = (
				33D6A2912982EBEA005CF1D0 /* Debug */,
				33D6A2922982EBEA005CF1D0 /* Release */,
			);
			defaultConfigurationIsVisible = 0;
			defaultConfigurationName = Release;
		};
/* End XCConfigurationList section */

/* Begin XCVersionGroup section */
		33D6A26F2982EBE9005CF1D0 /* MobileChallenge.xcdatamodeld */ = {
			isa = XCVersionGroup;
			children = (
				33D6A2702982EBE9005CF1D0 /* MobileChallenge.xcdatamodel */,
			);
			currentVersion = 33D6A2702982EBE9005CF1D0 /* MobileChallenge.xcdatamodel */;
			path = MobileChallenge.xcdatamodeld;
			sourceTree = "<group>";
			versionGroupType = wrapper.xcdatamodel;
		};
/* End XCVersionGroup section */
	};
	rootObject = 33D6A2592982EBE8005CF1D0 /* Project object */;
}
